
Microsoft Visual Studio Solution File, Format Version 12.00
# Visual Studio Version 16
VisualStudioVersion = 16.0.30011.22
MinimumVisualStudioVersion = 10.0.40219.1
Project("{FAE04EC0-301F-11D3-BF4B-00C04F79EFBC}") = "Actividad2-171G0250", "Actividad2-171G0250.csproj", "{7D84BEB7-B9E7-401A-9567-FB5608AE761D}"
EndProject
Global
	GlobalSection(SolutionConfigurationPlatforms) = preSolution
		Debug|Any CPU = Debug|Any CPU
		Release|Any CPU = Release|Any CPU
	EndGlobalSection
	GlobalSection(ProjectConfigurationPlatforms) = postSolution
		{7D84BEB7-B9E7-401A-9567-FB5608AE761D}.Debug|Any CPU.ActiveCfg = Debug|Any CPU
		{7D84BEB7-B9E7-401A-9567-FB5608AE761D}.Debug|Any CPU.Build.0 = Debug|Any CPU
		{7D84BEB7-B9E7-401A-9567-FB5608AE761D}.Release|Any CPU.ActiveCfg = Release|Any CPU
		{7D84BEB7-B9E7-401A-9567-FB5608AE761D}.Release|Any CPU.Build.0 = Release|Any CPU
	EndGlobalSection
	GlobalSection(SolutionProperties) = preSolution
		HideSolutionNode = FALSE
	EndGlobalSection
	GlobalSection(ExtensibilityGlobals) = postSolution
		SolutionGuid = {D6938D4D-544F-444B-8B11-8D5A2926A148}
	EndGlobalSection
EndGlobal
